
Microsoft Visual Studio Solution File, Format Version 12.00
# Visual Studio Version 16
VisualStudioVersion = 16.0.29926.136
MinimumVisualStudioVersion = 10.0.40219.1
Project("{FAE04EC0-301F-11D3-BF4B-00C04F79EFBC}") = "Frontline", "Frontline\Frontline.csproj", "{D052C230-46E9-4B8B-B263-EE198628368F}"
EndProject
Global
	GlobalSection(SolutionConfigurationPlatforms) = preSolution
		Debug|Any CPU = Debug|Any CPU
		Release|Any CPU = Release|Any CPU
	EndGlobalSection
	GlobalSection(ProjectConfigurationPlatforms) = postSolution
		{D052C230-46E9-4B8B-B263-EE198628368F}.Debug|Any CPU.ActiveCfg = Debug|Any CPU
		{D052C230-46E9-4B8B-B263-EE198628368F}.Debug|Any CPU.Build.0 = Debug|Any CPU
		{D052C230-46E9-4B8B-B263-EE198628368F}.Release|Any CPU.ActiveCfg = Release|Any CPU
		{D052C230-46E9-4B8B-B263-EE198628368F}.Release|Any CPU.Build.0 = Release|Any CPU
	EndGlobalSection
	GlobalSection(SolutionProperties) = preSolution
		HideSolutionNode = FALSE
	EndGlobalSection
	GlobalSection(ExtensibilityGlobals) = postSolution
		SolutionGuid = {C162E02D-1088-45E2-90E4-B066395C7FA9}
	EndGlobalSection
EndGlobal
